
Microsoft Visual Studio Solution File, Format Version 12.00
Project("{FAE04EC0-301F-11D3-BF4B-00C04F79EFBC}") = "SensorApp.Data", "SensorApp.Data\SensorApp.Data.csproj", "{72BF34ED-24FA-44C9-B76A-7281FCB46743}"
EndProject
Project("{FAE04EC0-301F-11D3-BF4B-00C04F79EFBC}") = "SensorApp.Client", "SensorApp.Client\SensorApp.Client.csproj", "{DB051CB9-A98B-487C-A0BF-9011555791C5}"
EndProject
Project("{FAE04EC0-301F-11D3-BF4B-00C04F79EFBC}") = "GatewayApi", "GatewayApi\GatewayApi.csproj", "{A0DDB945-52F8-4716-ACC4-2015E48B766E}"
EndProject
Project("{FAE04EC0-301F-11D3-BF4B-00C04F79EFBC}") = "GatewayAdmin", "GatewayAdmin\GatewayAdmin.csproj", "{FDDD002F-DDC7-4787-BBED-92EB9FEBFDFE}"
EndProject
Global
	GlobalSection(SolutionConfigurationPlatforms) = preSolution
		Debug|Any CPU = Debug|Any CPU
		Release|Any CPU = Release|Any CPU
	EndGlobalSection
	GlobalSection(ProjectConfigurationPlatforms) = postSolution
		{72BF34ED-24FA-44C9-B76A-7281FCB46743}.Debug|Any CPU.ActiveCfg = Debug|Any CPU
		{72BF34ED-24FA-44C9-B76A-7281FCB46743}.Debug|Any CPU.Build.0 = Debug|Any CPU
		{72BF34ED-24FA-44C9-B76A-7281FCB46743}.Release|Any CPU.ActiveCfg = Release|Any CPU
		{72BF34ED-24FA-44C9-B76A-7281FCB46743}.Release|Any CPU.Build.0 = Release|Any CPU
		{DB051CB9-A98B-487C-A0BF-9011555791C5}.Debug|Any CPU.ActiveCfg = Debug|Any CPU
		{DB051CB9-A98B-487C-A0BF-9011555791C5}.Debug|Any CPU.Build.0 = Debug|Any CPU
		{DB051CB9-A98B-487C-A0BF-9011555791C5}.Release|Any CPU.ActiveCfg = Release|Any CPU
		{DB051CB9-A98B-487C-A0BF-9011555791C5}.Release|Any CPU.Build.0 = Release|Any CPU
		{A0DDB945-52F8-4716-ACC4-2015E48B766E}.Debug|Any CPU.ActiveCfg = Debug|Any CPU
		{A0DDB945-52F8-4716-ACC4-2015E48B766E}.Debug|Any CPU.Build.0 = Debug|Any CPU
		{A0DDB945-52F8-4716-ACC4-2015E48B766E}.Release|Any CPU.ActiveCfg = Release|Any CPU
		{A0DDB945-52F8-4716-ACC4-2015E48B766E}.Release|Any CPU.Build.0 = Release|Any CPU
		{FDDD002F-DDC7-4787-BBED-92EB9FEBFDFE}.Debug|Any CPU.ActiveCfg = Debug|Any CPU
		{FDDD002F-DDC7-4787-BBED-92EB9FEBFDFE}.Debug|Any CPU.Build.0 = Debug|Any CPU
		{FDDD002F-DDC7-4787-BBED-92EB9FEBFDFE}.Release|Any CPU.ActiveCfg = Release|Any CPU
		{FDDD002F-DDC7-4787-BBED-92EB9FEBFDFE}.Release|Any CPU.Build.0 = Release|Any CPU
	EndGlobalSection
EndGlobal
